
Microsoft Visual Studio Solution File, Format Version 12.00
# Visual Studio Version 17
VisualStudioVersion = 17.14.36616.10
MinimumVisualStudioVersion = 10.0.40219.1
Project("{FAE04EC0-301F-11D3-BF4B-00C04F79EFBC}") = "MudBlazorDemo", "MudBlazorDemo.csproj", "{FB497000-983C-445E-9DDE-AFEB48A15EE2}"
EndProject
Global
	GlobalSection(SolutionConfigurationPlatforms) = preSolution
		Debug|Any CPU = Debug|Any CPU
		Release|Any CPU = Release|Any CPU
	EndGlobalSection
	GlobalSection(ProjectConfigurationPlatforms) = postSolution
		{FB497000-983C-445E-9DDE-AFEB48A15EE2}.Debug|Any CPU.ActiveCfg = Debug|Any CPU
		{FB497000-983C-445E-9DDE-AFEB48A15EE2}.Debug|Any CPU.Build.0 = Debug|Any CPU
		{FB497000-983C-445E-9DDE-AFEB48A15EE2}.Release|Any CPU.ActiveCfg = Release|Any CPU
		{FB497000-983C-445E-9DDE-AFEB48A15EE2}.Release|Any CPU.Build.0 = Release|Any CPU
	EndGlobalSection
	GlobalSection(SolutionProperties) = preSolution
		HideSolutionNode = FALSE
	EndGlobalSection
	GlobalSection(ExtensibilityGlobals) = postSolution
		SolutionGuid = {0C82E00B-5D4D-478E-B589-B04D2DF8AC4D}
	EndGlobalSection
EndGlobal
